{
  "originHash" : "1a5afdbea2c835cef35368b2900541d6ea31ccb19e02f86440e199b83b8ddccd",
  "pins" : [
    {
      "identity" : "alamofire",
      "kind" : "remoteSourceControl",
      "location" : "https://github.com/Alamofire/Alamofire.git",
      "state" : {
        "revision" : "513364f870f6bfc468f9d2ff0a95caccc10044c5",
        "version" : "5.10.2"
      }
    },
    {
      "identity" : "flagandcountrycode",
      "kind" : "remoteSourceControl",
      "location" : "https://github.com/exyte/FlagAndCountryCode",
      "state" : {
        "revision" : "5e44b1d2f1ccd901c3ff9889f16ab1f991c63d4b",
        "version" : "1.1.3"
      }
    },
    {
      "identity" : "kingfisher",
      "kind" : "remoteSourceControl",
      "location" : "https://github.com/onevcat/Kingfisher",
      "state" : {
        "revision" : "dd3c422ec3088404d6f7e8c905a8318b3de12d6f",
        "version" : "8.6.0"
      }
    }
  ],
  "version" : 3
}
